
Microsoft Visual Studio Solution File, Format Version 12.00
# Visual Studio Version 17
VisualStudioVersion = 17.8.34330.188
MinimumVisualStudioVersion = 10.0.40219.1
Project("{FAE04EC0-301F-11D3-BF4B-00C04F79EFBC}") = "HangfireSample.Web", "src\HangfireSample.Web\HangfireSample.Web.csproj", "{3C821E97-599C-44F2-9486-12BD2D7C14DB}"
EndProject
Global
	GlobalSection(SolutionConfigurationPlatforms) = preSolution
		Debug|Any CPU = Debug|Any CPU
		Release|Any CPU = Release|Any CPU
	EndGlobalSection
	GlobalSection(ProjectConfigurationPlatforms) = postSolution
		{3C821E97-599C-44F2-9486-12BD2D7C14DB}.Debug|Any CPU.ActiveCfg = Debug|Any CPU
		{3C821E97-599C-44F2-9486-12BD2D7C14DB}.Debug|Any CPU.Build.0 = Debug|Any CPU
		{3C821E97-599C-44F2-9486-12BD2D7C14DB}.Release|Any CPU.ActiveCfg = Release|Any CPU
		{3C821E97-599C-44F2-9486-12BD2D7C14DB}.Release|Any CPU.Build.0 = Release|Any CPU
	EndGlobalSection
	GlobalSection(SolutionProperties) = preSolution
		HideSolutionNode = FALSE
	EndGlobalSection
	GlobalSection(ExtensibilityGlobals) = postSolution
		SolutionGuid = {D7DC7506-64ED-4537-99C3-B1763F782087}
	EndGlobalSection
EndGlobal
